# This file is automatically @generated by Poetry 2.1.3 and should not be changed by hand.

[[package]]
name = "fastecdsa"
version = "3.0.1"
description = "Fast elliptic curve digital signatures"
optional = false
python-versions = ">=3.9"
groups = ["main"]
files = [
    {file = "fastecdsa-3.0.1-cp310-cp310-macosx_13_0_x86_64.whl", hash = "sha256:5793ac17891bc8c7002c8364b5df32ac17b486a68c6e32d941f3f0b3641b417b"},
    {file = "fastecdsa-3.0.1-cp310-cp310-macosx_14_0_arm64.whl", hash = "sha256:e99b2695f3cbf363fa4fc12e036b5a2b50a01004b82972dce102bb73fa1833bd"},
    {file = "fastecdsa-3.0.1-cp310-cp310-manylinux_2_17_i686.manylinux2014_i686.whl", hash = "sha256:2c730285951bd3dce40ff6ba0527847864d4fc63145c8479d5245e5544de4ee8"},
    {file = "fastecdsa-3.0.1-cp310-cp310-manylinux_2_17_x86_64.manylinux2014_x86_64.whl", hash = "sha256:bb11b805f0c9c4e6b8eb8766b7eeaf9b7e425ff2f17eed08a402568e0548734d"},
    {file = "fastecdsa-3.0.1-cp311-cp311-macosx_13_0_x86_64.whl", hash = "sha256:dad6e7dc1048f538e8de8d9abfabf6198b34be4cb03f1f7919c6386e9412bdde"},
    {file = "fastecdsa-3.0.1-cp311-cp311-macosx_14_0_arm64.whl", hash = "sha256:5ea3e874316689d4101edd3527056a07f3c6f4d684142368f1f062dda174022a"},
    {file = "fastecdsa-3.0.1-cp311-cp311-manylinux_2_17_i686.manylinux2014_i686.whl", hash = "sha256:9537ec297a899c2cfbd9cf596bac73a8677d15cddca19487edf2be47145ec6d1"},
    {file = "fastecdsa-3.0.1-cp311-cp311-manylinux_2_17_x86_64.manylinux2014_x86_64.whl", hash = "sha256:cacb1a0486ed62d09ec2eb4cb6c97910956c9dc6f9af220e1632b35cf2e6fcd7"},
    {file = "fastecdsa-3.0.1-cp312-cp312-macosx_13_0_x86_64.whl", hash = "sha256:2dab30e3eceb773244baadb6dbc8977f0a28741e8d2ea790f529cc1f8419b265"},
    {file = "fastecdsa-3.0.1-cp312-cp312-macosx_14_0_arm64.whl", hash = "sha256:82272ca3c91e20433e0ca66c2d96f4d4997850846586f9ff7a9533a5c3f6e253"},
    {file = "fastecdsa-3.0.1-cp312-cp312-manylinux_2_17_i686.manylinux2014_i686.whl", hash = "sha256:6f16d79411ea8a3cb467da53b75e10d66db3a0f716e4d56a9d7e77e5f3ad9f71"},
    {file = "fastecdsa-3.0.1-cp312-cp312-manylinux_2_17_x86_64.manylinux2014_x86_64.whl", hash = "sha256:abeb065ce8fb3b2765ac7a1f7d693d5785e584629ff83ad271c02c1d55789bb1"},
    {file = "fastecdsa-3.0.1-cp313-cp313-macosx_13_0_x86_64.whl", hash = "sha256:7b1c1cb4fd9a9d9999cffc20b223b1f805d423d2105e93742ccd2938fb82d0d4"},
    {file = "fastecdsa-3.0.1-cp313-cp313-macosx_14_0_arm64.whl", hash = "sha256:c3e5b8a41ea620739628990fe90ef38f8a4a62bcdd2ce28c62d165f0863373f7"},
    {file = "fastecdsa-3.0.1-cp313-cp313-manylinux_2_17_i686.manylinux2014_i686.whl", hash = "sha256:4a4bb5b7bc01cef888142b47b764086a6ac2d0632630f07a83444e5f976d3aa6"},
    {file = "fastecdsa-3.0.1-cp313-cp313-manylinux_2_17_x86_64.manylinux2014_x86_64.whl", hash = "sha256:53680c1791f1f74e13005941c97b7f38a2f45016027a5b648b93488e50773563"},
    {file = "fastecdsa-3.0.1-cp39-cp39-macosx_13_0_x86_64.whl", hash = "sha256:1a33ae3779500226fb1a8ae9b14e25467169f6021a611735d9cf9303575c903f"},
    {file = "fastecdsa-3.0.1-cp39-cp39-macosx_14_0_arm64.whl", hash = "sha256:67209d556a2da673a52b6dfaddb90be551b0deb9eb7802c313f8495b0b5071e5"},
    {file = "fastecdsa-3.0.1-cp39-cp39-manylinux_2_17_i686.manylinux2014_i686.whl", hash = "sha256:637657f860bb0335af3ad87b1e00dfdd679aa05509945c9277ee96df1b07d437"},
    {file = "fastecdsa-3.0.1-cp39-cp39-manylinux_2_17_x86_64.manylinux2014_x86_64.whl", hash = "sha256:4a59a2488302fdd9b92a17629740a5fc1800e9cc51ff7f0a279277a13ed7ad00"},
    {file = "fastecdsa-3.0.1.tar.gz", hash = "sha256:f4b4a50fd5e346c4949aba365c061c3f6b25eee7983c973e1d31de7672ba48ea"},
]

[[package]]
name = "mpmath"
version = "1.3.0"
description = "Python library for arbitrary-precision floating-point arithmetic"
optional = false
python-versions = "*"
groups = ["main"]
files = [
    {file = "mpmath-1.3.0-py3-none-any.whl", hash = "sha256:a0b2b9fe80bbcd81a6647ff13108738cfb482d481d826cc0e02f5b35e5c88d2c"},
    {file = "mpmath-1.3.0.tar.gz", hash = "sha256:7a28eb2a9774d00c7bc92411c19a89209d5da7c4c9a9e227be8330a23a25b91f"},
]

[package.extras]
develop = ["codecov", "pycodestyle", "pytest (>=4.6)", "pytest-cov", "wheel"]
docs = ["sphinx"]
gmpy = ["gmpy2 (>=2.1.0a4) ; platform_python_implementation != \"PyPy\""]
tests = ["pytest (>=4.6)"]

[[package]]
name = "sympy"
version = "1.14.0"
description = "Computer algebra system (CAS) in Python"
optional = false
python-versions = ">=3.9"
groups = ["main"]
files = [
    {file = "sympy-1.14.0-py3-none-any.whl", hash = "sha256:e091cc3e99d2141a0ba2847328f5479b05d94a6635cb96148ccb3f34671bd8f5"},
    {file = "sympy-1.14.0.tar.gz", hash = "sha256:d3d3fe8df1e5a0b42f0e7bdf50541697dbe7d23746e894990c030e2b05e72517"},
]

[package.dependencies]
mpmath = ">=1.1.0,<1.4"

[package.extras]
dev = ["hypothesis (>=6.70.0)", "pytest (>=7.1.0)"]

[metadata]
lock-version = "2.1"
python-versions = ">=3.11"
content-hash = "589fd299670574a27757bbe406c4ef799b05ac86d8a875c3bbcf169d58f152d9"
